Microsoft Visual Studio Solution File, Format Version 12.00
# Visual Studio Version 17
VisualStudioVersion = 17.5.2.0
MinimumVisualStudioVersion = 10.0.40219.1
Project("{2150E333-8FDC-42A3-9474-1A3956D46DE8}") = "ToDoApp", "ToDoApp", "{74689624-1556-E53D-1DCF-B93F2AA0D48D}"
EndProject
Project("{FAE04EC0-301F-11D3-BF4B-00C04F79EFBC}") = "backend", "ToDoApp\backend\backend.csproj", "{4491DB41-6A6A-C5CB-AC8C-545B67C7BBBC}"
EndProject
Global
	GlobalSection(SolutionConfigurationPlatforms) = preSolution
		Debug|Any CPU = Debug|Any CPU
		Release|Any CPU = Release|Any CPU
	EndGlobalSection
	GlobalSection(ProjectConfigurationPlatforms) = postSolution
		{4491DB41-6A6A-C5CB-AC8C-545B67C7BBBC}.Debug|Any CPU.ActiveCfg = Debug|Any CPU
		{4491DB41-6A6A-C5CB-AC8C-545B67C7BBBC}.Debug|Any CPU.Build.0 = Debug|Any CPU
		{4491DB41-6A6A-C5CB-AC8C-545B67C7BBBC}.Release|Any CPU.ActiveCfg = Release|Any CPU
		{4491DB41-6A6A-C5CB-AC8C-545B67C7BBBC}.Release|Any CPU.Build.0 = Release|Any CPU
	EndGlobalSection
	GlobalSection(SolutionProperties) = preSolution
		HideSolutionNode = FALSE
	EndGlobalSection
	GlobalSection(NestedProjects) = preSolution
		{4491DB41-6A6A-C5CB-AC8C-545B67C7BBBC} = {74689624-1556-E53D-1DCF-B93F2AA0D48D}
	EndGlobalSection
	GlobalSection(ExtensibilityGlobals) = postSolution
		SolutionGuid = {6AA10050-BC6D-463E-8EF4-4803B079954B}
	EndGlobalSection
EndGlobal
